// !$*UTF8*$!
{
	archiveVersion = 1;
	classes = {
	};
	objectVersion = 46;
	objects = {

/* Begin PBXBuildFile section */
		4473BB351C3EB3D3000E0B43 /* test0.jpg in Resources */ = {isa = PBXBuildFile; fileRef = 4473BB331C3EB3D3000E0B43 /* test0.jpg */; };
		4473BB361C3EB3D3000E0B43 /* test1.jpg in Resources */ = {isa = PBXBuildFile; fileRef = 4473BB341C3EB3D3000E0B43 /* test1.jpg */; };
		4473BB591C3F51D2000E0B43 /* MKAnnotationView+WebCache.m in Sources */ = {isa = PBXBuildFile; fileRef = 4473BB391C3F51D2000E0B43 /* MKAnnotationView+WebCache.m */; };
		4473BB5A1C3F51D2000E0B43 /* NSData+ImageContentType.m in Sources */ = {isa = PBXBuildFile; fileRef = 4473BB3B1C3F51D2000E0B43 /* NSData+ImageContentType.m */; };
		4473BB5B1C3F51D2000E0B43 /* SDImageCache.m in Sources */ = {isa = PBXBuildFile; fileRef = 4473BB3D1C3F51D2000E0B43 /* SDImageCache.m */; };
		4473BB5C1C3F51D2000E0B43 /* SDWebImageCompat.m in Sources */ = {isa = PBXBuildFile; fileRef = 4473BB3F1C3F51D2000E0B43 /* SDWebImageCompat.m */; };
		4473BB5D1C3F51D2000E0B43 /* SDWebImageDecoder.m in Sources */ = {isa = PBXBuildFile; fileRef = 4473BB411C3F51D2000E0B43 /* SDWebImageDecoder.m */; };
		4473BB5E1C3F51D2000E0B43 /* SDWebImageDownloader.m in Sources */ = {isa = PBXBuildFile; fileRef = 4473BB431C3F51D2000E0B43 /* SDWebImageDownloader.m */; };
		4473BB5F1C3F51D2000E0B43 /* SDWebImageDownloaderOperation.m in Sources */ = {isa = PBXBuildFile; fileRef = 4473BB451C3F51D2000E0B43 /* SDWebImageDownloaderOperation.m */; };
		4473BB601C3F51D2000E0B43 /* SDWebImageManager.m in Sources */ = {isa = PBXBuildFile; fileRef = 4473BB471C3F51D2000E0B43 /* SDWebImageManager.m */; };
		4473BB611C3F51D2000E0B43 /* SDWebImagePrefetcher.m in Sources */ = {isa = PBXBuildFile; fileRef = 4473BB4A1C3F51D2000E0B43 /* SDWebImagePrefetcher.m */; };
		4473BB621C3F51D2000E0B43 /* UIButton+WebCache.m in Sources */ = {isa = PBXBuildFile; fileRef = 4473BB4C1C3F51D2000E0B43 /* UIButton+WebCache.m */; };
		4473BB631C3F51D2000E0B43 /* UIImage+GIF.m in Sources */ = {isa = PBXBuildFile; fileRef = 4473BB4E1C3F51D2000E0B43 /* UIImage+GIF.m */; };
		4473BB641C3F51D2000E0B43 /* UIImage+MultiFormat.m in Sources */ = {isa = PBXBuildFile; fileRef = 4473BB501C3F51D2000E0B43 /* UIImage+MultiFormat.m */; };
		4473BB651C3F51D2000E0B43 /* UIImage+WebP.m in Sources */ = {isa = PBXBuildFile; fileRef = 4473BB521C3F51D2000E0B43 /* UIImage+WebP.m */; };
		4473BB661C3F51D2000E0B43 /* UIImageView+HighlightedWebCache.m in Sources */ = {isa = PBXBuildFile; fileRef = 4473BB541C3F51D2000E0B43 /* UIImageView+HighlightedWebCache.m */; };
		4473BB671C3F51D2000E0B43 /* UIImageView+WebCache.m in Sources */ = {isa = PBXBuildFile; fileRef = 4473BB561C3F51D2000E0B43 /* UIImageView+WebCache.m */; };
		4473BB681C3F51D2000E0B43 /* UIView+WebCacheOperation.m in Sources */ = {isa = PBXBuildFile; fileRef = 4473BB581C3F51D2000E0B43 /* UIView+WebCacheOperation.m */; };
		44CF95801C33BD850094E122 /* main.m in Sources */ = {isa = PBXBuildFile; fileRef = 44CF957F1C33BD850094E122 /* main.m */; };
		44CF95831C33BD850094E122 /* AppDelegate.m in Sources */ = {isa = PBXBuildFile; fileRef = 44CF95821C33BD850094E122 /* AppDelegate.m */; };
		44CF95861C33BD850094E122 /* ViewController.m in Sources */ = {isa = PBXBuildFile; fileRef = 44CF95851C33BD850094E122 /* ViewController.m */; };
		44CF95891C33BD850094E122 /* Main.storyboard in Resources */ = {isa = PBXBuildFile; fileRef = 44CF95871C33BD850094E122 /* Main.storyboard */; };
		44CF958B1C33BD850094E122 /* Assets.xcassets in Resources */ = {isa = PBXBuildFile; fileRef = 44CF958A1C33BD850094E122 /* Assets.xcassets */; };
		44CF958E1C33BD850094E122 /* LaunchScreen.storyboard in Resources */ = {isa = PBXBuildFile; fileRef = 44CF958C1C33BD850094E122 /* LaunchScreen.storyboard */; };
		44CF95991C33BD850094E122 /* PictureScanViewTests.m in Sources */ = {isa = PBXBuildFile; fileRef = 44CF95981C33BD850094E122 /* PictureScanViewTests.m */; };
		44CF95A41C33BD850094E122 /* PictureScanViewUITests.m in Sources */ = {isa = PBXBuildFile; fileRef = 44CF95A31C33BD850094E122 /* PictureScanViewUITests.m */; };
		44CF95B61C33D5D40094E122 /* XHPicView.m in Sources */ = {isa = PBXBuildFile; fileRef = 44CF95B51C33D5D40094E122 /* XHPicView.m */; };
/* End PBXBuildFile section */

/* Begin PBXContainerItemProxy section */
		44CF95951C33BD850094E122 /* PBXContainerItemProxy */ = {
			isa = PBXContainerItemProxy;
			containerPortal = 44CF95731C33BD840094E122 /* Project object */;
			proxyType = 1;
			remoteGlobalIDString = 44CF957A1C33BD850094E122;
			remoteInfo = PictureScanView;
		};
		44CF95A01C33BD850094E122 /* PBXContainerItemProxy */ = {
			isa = PBXContainerItemProxy;
			containerPortal = 44CF95731C33BD840094E122 /* Project object */;
			proxyType = 1;
			remoteGlobalIDString = 44CF957A1C33BD850094E122;
			remoteInfo = PictureScanView;
		};
/* End PBXContainerItemProxy section */

/* Begin PBXFileReference section */
		4473BB331C3EB3D3000E0B43 /* test0.jpg */ = {isa = PBXFileReference; lastKnownFileType = image.jpeg; path = test0.jpg; sourceTree = "<group>"; };
		4473BB341C3EB3D3000E0B43 /* test1.jpg */ = {isa = PBXFileReference; lastKnownFileType = image.jpeg; path = test1.jpg; sourceTree = "<group>"; };
		4473BB381C3F51D2000E0B43 /* MKAnnotationView+WebCache.h */ = {isa = PBXFileReference; fileEncoding = 4; lastKnownFileType = sourcecode.c.h; path = "MKAnnotationView+WebCache.h"; sourceTree = "<group>"; };
		4473BB391C3F51D2000E0B43 /* MKAnnotationView+WebCache.m */ = {isa = PBXFileReference; fileEncoding = 4; lastKnownFileType = sourcecode.c.objc; path = "MKAnnotationView+WebCache.m"; sourceTree = "<group>"; };
		4473BB3A1C3F51D2000E0B43 /* NSData+ImageContentType.h */ = {isa = PBXFileReference; fileEncoding = 4; lastKnownFileType = sourcecode.c.h; path = "NSData+ImageContentType.h"; sourceTree = "<group>"; };
		4473BB3B1C3F51D2000E0B43 /* NSData+ImageContentType.m */ = {isa = PBXFileReference; fileEncoding = 4; lastKnownFileType = sourcecode.c.objc; path = "NSData+ImageContentType.m"; sourceTree = "<group>"; };
		4473BB3C1C3F51D2000E0B43 /* SDImageCache.h */ = {isa = PBXFileReference; fileEncoding = 4; lastKnownFileType = sourcecode.c.h; path = SDImageCache.h; sourceTree = "<group>"; };
		4473BB3D1C3F51D2000E0B43 /* SDImageCache.m */ = {isa = PBXFileReference; fileEncoding = 4; lastKnownFileType = sourcecode.c.objc; path = SDImageCache.m; sourceTree = "<group>"; };
		4473BB3E1C3F51D2000E0B43 /* SDWebImageCompat.h */ = {isa = PBXFileReference; fileEncoding = 4; lastKnownFileType = sourcecode.c.h; path = SDWebImageCompat.h; sourceTree = "<group>"; };
		4473BB3F1C3F51D2000E0B43 /* SDWebImageCompat.m */ = {isa = PBXFileReference; fileEncoding = 4; lastKnownFileType = sourcecode.c.objc; path = SDWebImageCompat.m; sourceTree = "<group>"; };
		4473BB401C3F51D2000E0B43 /* SDWebImageDecoder.h */ = {isa = PBXFileReference; fileEncoding = 4; lastKnownFileType = sourcecode.c.h; path = SDWebImageDecoder.h; sourceTree = "<group>"; };
		4473BB411C3F51D2000E0B43 /* SDWebImageDecoder.m */ = {isa = PBXFileReference; fileEncoding = 4; lastKnownFileType = sourcecode.c.objc; path = SDWebImageDecoder.m; sourceTree = "<group>"; };
		4473BB421C3F51D2000E0B43 /* SDWebImageDownloader.h */ = {isa = PBXFileReference; fileEncoding = 4; lastKnownFileType = sourcecode.c.h; path = SDWebImageDownloader.h; sourceTree = "<group>"; };
		4473BB431C3F51D2000E0B43 /* SDWebImageDownloader.m */ = {isa = PBXFileReference; fileEncoding = 4; lastKnownFileType = sourcecode.c.objc; path = SDWebImageDownloader.m; sourceTree = "<group>"; };
		4473BB441C3F51D2000E0B43 /* SDWebImageDownloaderOperation.h */ = {isa = PBXFileReference; fileEncoding = 4; lastKnownFileType = sourcecode.c.h; path = SDWebImageDownloaderOperation.h; sourceTree = "<group>"; };
		4473BB451C3F51D2000E0B43 /* SDWebImageDownloaderOperation.m */ = {isa = PBXFileReference; fileEncoding = 4; lastKnownFileType = sourcecode.c.objc; path = SDWebImageDownloaderOperation.m; sourceTree = "<group>"; };
		4473BB461C3F51D2000E0B43 /* SDWebImageManager.h */ = {isa = PBXFileReference; fileEncoding = 4; lastKnownFileType = sourcecode.c.h; path = SDWebImageManager.h; sourceTree = "<group>"; };
		4473BB471C3F51D2000E0B43 /* SDWebImageManager.m */ = {isa = PBXFileReference; fileEncoding = 4; lastKnownFileType = sourcecode.c.objc; path = SDWebImageManager.m; sourceTree = "<group>"; };
		4473BB481C3F51D2000E0B43 /* SDWebImageOperation.h */ = {isa = PBXFileReference; fileEncoding = 4; lastKnownFileType = sourcecode.c.h; path = SDWebImageOperation.h; sourceTree = "<group>"; };
		4473BB491C3F51D2000E0B43 /* SDWebImagePrefetcher.h */ = {isa = PBXFileReference; fileEncoding = 4; lastKnownFileType = sourcecode.c.h; path = SDWebImagePrefetcher.h; sourceTree = "<group>"; };
		4473BB4A1C3F51D2000E0B43 /* SDWebImagePrefetcher.m */ = {isa = PBXFileReference; fileEncoding = 4; lastKnownFileType = sourcecode.c.objc; path = SDWebImagePrefetcher.m; sourceTree = "<group>"; };
		4473BB4B1C3F51D2000E0B43 /* UIButton+WebCache.h */ = {isa = PBXFileReference; fileEncoding = 4; lastKnownFileType = sourcecode.c.h; path = "UIButton+WebCache.h"; sourceTree = "<group>"; };
		4473BB4C1C3F51D2000E0B43 /* UIButton+WebCache.m */ = {isa = PBXFileReference; fileEncoding = 4; lastKnownFileType = sourcecode.c.objc; path = "UIButton+WebCache.m"; sourceTree = "<group>"; };
		4473BB4D1C3F51D2000E0B43 /* UIImage+GIF.h */ = {isa = PBXFileReference; fileEncoding = 4; lastKnownFileType = sourcecode.c.h; path = "UIImage+GIF.h"; sourceTree = "<group>"; };
		4473BB4E1C3F51D2000E0B43 /* UIImage+GIF.m */ = {isa = PBXFileReference; fileEncoding = 4; lastKnownFileType = sourcecode.c.objc; path = "UIImage+GIF.m"; sourceTree = "<group>"; };
		4473BB4F1C3F51D2000E0B43 /* UIImage+MultiFormat.h */ = {isa = PBXFileReference; fileEncoding = 4; lastKnownFileType = sourcecode.c.h; path = "UIImage+MultiFormat.h"; sourceTree = "<group>"; };
		4473BB501C3F51D2000E0B43 /* UIImage+MultiFormat.m */ = {isa = PBXFileReference; fileEncoding = 4; lastKnownFileType = sourcecode.c.objc; path = "UIImage+MultiFormat.m"; sourceTree = "<group>"; };
		4473BB511C3F51D2000E0B43 /* UIImage+WebP.h */ = {isa = PBXFileReference; fileEncoding = 4; lastKnownFileType = sourcecode.c.h; path = "UIImage+WebP.h"; sourceTree = "<group>"; };
		4473BB521C3F51D2000E0B43 /* UIImage+WebP.m */ = {isa = PBXFileReference; fileEncoding = 4; lastKnownFileType = sourcecode.c.objc; path = "UIImage+WebP.m"; sourceTree = "<group>"; };
		4473BB531C3F51D2000E0B43 /* UIImageView+HighlightedWebCache.h */ = {isa = PBXFileReference; fileEncoding = 4; lastKnownFileType = sourcecode.c.h; path = "UIImageView+HighlightedWebCache.h"; sourceTree = "<group>"; };
		4473BB541C3F51D2000E0B43 /* UIImageView+HighlightedWebCache.m */ = {isa = PBXFileReference; fileEncoding = 4; lastKnownFileType = sourcecode.c.objc; path = "UIImageView+HighlightedWebCache.m"; sourceTree = "<group>"; };
		4473BB551C3F51D2000E0B43 /* UIImageView+WebCache.h */ = {isa = PBXFileReference; fileEncoding = 4; lastKnownFileType = sourcecode.c.h; path = "UIImageView+WebCache.h"; sourceTree = "<group>"; };
		4473BB561C3F51D2000E0B43 /* UIImageView+WebCache.m */ = {isa = PBXFileReference; fileEncoding = 4; lastKnownFileType = sourcecode.c.objc; path = "UIImageView+WebCache.m"; sourceTree = "<group>"; };
		4473BB571C3F51D2000E0B43 /* UIView+WebCacheOperation.h */ = {isa = PBXFileReference; fileEncoding = 4; lastKnownFileType = sourcecode.c.h; path = "UIView+WebCacheOperation.h"; sourceTree = "<group>"; };
		4473BB581C3F51D2000E0B43 /* UIView+WebCacheOperation.m */ = {isa = PBXFileReference; fileEncoding = 4; lastKnownFileType = sourcecode.c.objc; path = "UIView+WebCacheOperation.m"; sourceTree = "<group>"; };
		4473BB691C3F5270000E0B43 /* WebImage.h */ = {isa = PBXFileReference; lastKnownFileType = sourcecode.c.h; name = WebImage.h; path = SDWebImage/WebImage.h; sourceTree = "<group>"; };
		44CF957B1C33BD850094E122 /* PictureScanView.app */ = {isa = PBXFileReference; explicitFileType = wrapper.application; includeInIndex = 0; path = PictureScanView.app; sourceTree = BUILT_PRODUCTS_DIR; };
		44CF957F1C33BD850094E122 /* main.m */ = {isa = PBXFileReference; lastKnownFileType = sourcecode.c.objc; path = main.m; sourceTree = "<group>"; };
		44CF95811C33BD850094E122 /* AppDelegate.h */ = {isa = PBXFileReference; lastKnownFileType = sourcecode.c.h; path = AppDelegate.h; sourceTree = "<group>"; };
		44CF95821C33BD850094E122 /* AppDelegate.m */ = {isa = PBXFileReference; lastKnownFileType = sourcecode.c.objc; path = AppDelegate.m; sourceTree = "<group>"; };
		44CF95841C33BD850094E122 /* ViewController.h */ = {isa = PBXFileReference; lastKnownFileType = sourcecode.c.h; path = ViewController.h; sourceTree = "<group>"; };
		44CF95851C33BD850094E122 /* ViewController.m */ = {isa = PBXFileReference; lastKnownFileType = sourcecode.c.objc; path = ViewController.m; sourceTree = "<group>"; };
		44CF95881C33BD850094E122 /* Base */ = {isa = PBXFileReference; lastKnownFileType = file.storyboard; name = Base; path = Base.lproj/Main.storyboard; sourceTree = "<group>"; };
		44CF958A1C33BD850094E122 /* Assets.xcassets */ = {isa = PBXFileReference; lastKnownFileType = folder.assetcatalog; path = Assets.xcassets; sourceTree = "<group>"; };
		44CF958D1C33BD850094E122 /* Base */ = {isa = PBXFileReference; lastKnownFileType = file.storyboard; name = Base; path = Base.lproj/LaunchScreen.storyboard; sourceTree = "<group>"; };
		44CF958F1C33BD850094E122 /* Info.plist */ = {isa = PBXFileReference; lastKnownFileType = text.plist.xml; path = Info.plist; sourceTree = "<group>"; };
		44CF95941C33BD850094E122 /* PictureScanViewTests.xctest */ = {isa = PBXFileReference; explicitFileType = wrapper.cfbundle; includeInIndex = 0; path = PictureScanViewTests.xctest; sourceTree = BUILT_PRODUCTS_DIR; };
		44CF95981C33BD850094E122 /* PictureScanViewTests.m */ = {isa = PBXFileReference; lastKnownFileType = sourcecode.c.objc; path = PictureScanViewTests.m; sourceTree = "<group>"; };
		44CF959A1C33BD850094E122 /* Info.plist */ = {isa = PBXFileReference; lastKnownFileType = text.plist.xml; path = Info.plist; sourceTree = "<group>"; };
		44CF959F1C33BD850094E122 /* PictureScanViewUITests.xctest */ = {isa = PBXFileReference; explicitFileType = wrapper.cfbundle; includeInIndex = 0; path = PictureScanViewUITests.xctest; sourceTree = BUILT_PRODUCTS_DIR; };
		44CF95A31C33BD850094E122 /* PictureScanViewUITests.m */ = {isa = PBXFileReference; lastKnownFileType = sourcecode.c.objc; path = PictureScanViewUITests.m; sourceTree = "<group>"; };
		44CF95A51C33BD850094E122 /* Info.plist */ = {isa = PBXFileReference; lastKnownFileType = text.plist.xml; path = Info.plist; sourceTree = "<group>"; };
		44CF95B41C33D5D40094E122 /* XHPicView.h */ = {isa = PBXFileReference; fileEncoding = 4; lastKnownFileType = sourcecode.c.h; path = XHPicView.h; sourceTree = "<group>"; };
		44CF95B51C33D5D40094E122 /* XHPicView.m */ = {isa = PBXFileReference; fileEncoding = 4; lastKnownFileType = sourcecode.c.objc; path = XHPicView.m; sourceTree = "<group>"; };
/* End PBXFileReference section */

/* Begin PBXFrameworksBuildPhase section */
		44CF95781C33BD850094E122 /* Frameworks */ = {
			isa = PBXFrameworksBuildPhase;
			buildActionMask = 2147483647;
			files = (
			);
			runOnlyForDeploymentPostprocessing = 0;
		};
		44CF95911C33BD850094E122 /* Frameworks */ = {
			isa = PBXFrameworksBuildPhase;
			buildActionMask = 2147483647;
			files = (
			);
			runOnlyForDeploymentPostprocessing = 0;
		};
		44CF959C1C33BD850094E122 /* Frameworks */ = {
			isa = PBXFrameworksBuildPhase;
			buildActionMask = 2147483647;
			files = (
			);
			runOnlyForDeploymentPostprocessing = 0;
		};
/* End PBXFrameworksBuildPhase section */

/* Begin PBXGroup section */
		4473BB371C3F51D2000E0B43 /* SDWebImage */ = {
			isa = PBXGroup;
			children = (
				4473BB381C3F51D2000E0B43 /* MKAnnotationView+WebCache.h */,
				4473BB391C3F51D2000E0B43 /* MKAnnotationView+WebCache.m */,
				4473BB3A1C3F51D2000E0B43 /* NSData+ImageContentType.h */,
				4473BB3B1C3F51D2000E0B43 /* NSData+ImageContentType.m */,
				4473BB3C1C3F51D2000E0B43 /* SDImageCache.h */,
				4473BB3D1C3F51D2000E0B43 /* SDImageCache.m */,
				4473BB3E1C3F51D2000E0B43 /* SDWebImageCompat.h */,
				4473BB3F1C3F51D2000E0B43 /* SDWebImageCompat.m */,
				4473BB401C3F51D2000E0B43 /* SDWebImageDecoder.h */,
				4473BB411C3F51D2000E0B43 /* SDWebImageDecoder.m */,
				4473BB421C3F51D2000E0B43 /* SDWebImageDownloader.h */,
				4473BB431C3F51D2000E0B43 /* SDWebImageDownloader.m */,
				4473BB441C3F51D2000E0B43 /* SDWebImageDownloaderOperation.h */,
				4473BB451C3F51D2000E0B43 /* SDWebImageDownloaderOperation.m */,
				4473BB461C3F51D2000E0B43 /* SDWebImageManager.h */,
				4473BB471C3F51D2000E0B43 /* SDWebImageManager.m */,
				4473BB481C3F51D2000E0B43 /* SDWebImageOperation.h */,
				4473BB491C3F51D2000E0B43 /* SDWebImagePrefetcher.h */,
				4473BB4A1C3F51D2000E0B43 /* SDWebImagePrefetcher.m */,
				4473BB4B1C3F51D2000E0B43 /* UIButton+WebCache.h */,
				4473BB4C1C3F51D2000E0B43 /* UIButton+WebCache.m */,
				4473BB4D1C3F51D2000E0B43 /* UIImage+GIF.h */,
				4473BB4E1C3F51D2000E0B43 /* UIImage+GIF.m */,
				4473BB4F1C3F51D2000E0B43 /* UIImage+MultiFormat.h */,
				4473BB501C3F51D2000E0B43 /* UIImage+MultiFormat.m */,
				4473BB511C3F51D2000E0B43 /* UIImage+WebP.h */,
				4473BB521C3F51D2000E0B43 /* UIImage+WebP.m */,
				4473BB531C3F51D2000E0B43 /* UIImageView+HighlightedWebCache.h */,
				4473BB541C3F51D2000E0B43 /* UIImageView+HighlightedWebCache.m */,
				4473BB551C3F51D2000E0B43 /* UIImageView+WebCache.h */,
				4473BB561C3F51D2000E0B43 /* UIImageView+WebCache.m */,
				4473BB571C3F51D2000E0B43 /* UIView+WebCacheOperation.h */,
				4473BB581C3F51D2000E0B43 /* UIView+WebCacheOperation.m */,
			);
			path = SDWebImage;
			sourceTree = "<group>";
		};
		4473BB6A1C3F649A000E0B43 /* XHPictureScanView */ = {
			isa = PBXGroup;
			children = (
				44CF95B41C33D5D40094E122 /* XHPicView.h */,
				44CF95B51C33D5D40094E122 /* XHPicView.m */,
			);
			name = XHPictureScanView;
			sourceTree = "<group>";
		};
		44CF95721C33BD840094E122 = {
			isa = PBXGroup;
			children = (
				4473BB691C3F5270000E0B43 /* WebImage.h */,
				4473BB371C3F51D2000E0B43 /* SDWebImage */,
				4473BB331C3EB3D3000E0B43 /* test0.jpg */,
				4473BB341C3EB3D3000E0B43 /* test1.jpg */,
				4473BB6A1C3F649A000E0B43 /* XHPictureScanView */,
				44CF957D1C33BD850094E122 /* PictureScanView */,
				44CF95971C33BD850094E122 /* PictureScanViewTests */,
				44CF95A21C33BD850094E122 /* PictureScanViewUITests */,
				44CF957C1C33BD850094E122 /* Products */,
			);
			sourceTree = "<group>";
		};
		44CF957C1C33BD850094E122 /* Products */ = {
			isa = PBXGroup;
			children = (
				44CF957B1C33BD850094E122 /* PictureScanView.app */,
				44CF95941C33BD850094E122 /* PictureScanViewTests.xctest */,
				44CF959F1C33BD850094E122 /* PictureScanViewUITests.xctest */,
			);
			name = Products;
			sourceTree = "<group>";
		};
		44CF957D1C33BD850094E122 /* PictureScanView */ = {
			isa = PBXGroup;
			children = (
				44CF95811C33BD850094E122 /* AppDelegate.h */,
				44CF95821C33BD850094E122 /* AppDelegate.m */,
				44CF95841C33BD850094E122 /* ViewController.h */,
				44CF95851C33BD850094E122 /* ViewController.m */,
				44CF95871C33BD850094E122 /* Main.storyboard */,
				44CF958A1C33BD850094E122 /* Assets.xcassets */,
				44CF958C1C33BD850094E122 /* LaunchScreen.storyboard */,
				44CF958F1C33BD850094E122 /* Info.plist */,
				44CF957E1C33BD850094E122 /* Supporting Files */,
			);
			path = PictureScanView;
			sourceTree = "<group>";
		};
		44CF957E1C33BD850094E122 /* Supporting Files */ = {
			isa = PBXGroup;
			children = (
				44CF957F1C33BD850094E122 /* main.m */,
			);
			name = "Supporting Files";
			sourceTree = "<group>";
		};
		44CF95971C33BD850094E122 /* PictureScanViewTests */ = {
			isa = PBXGroup;
			children = (
				44CF95981C33BD850094E122 /* PictureScanViewTests.m */,
				44CF959A1C33BD850094E122 /* Info.plist */,
			);
			path = PictureScanViewTests;
			sourceTree = "<group>";
		};
		44CF95A21C33BD850094E122 /* PictureScanViewUITests */ = {
			isa = PBXGroup;
			children = (
				44CF95A31C33BD850094E122 /* PictureScanViewUITests.m */,
				44CF95A51C33BD850094E122 /* Info.plist */,
			);
			path = PictureScanViewUITests;
			sourceTree = "<group>";
		};
/* End PBXGroup section */

/* Begin PBXNativeTarget section */
		44CF957A1C33BD850094E122 /* PictureScanView */ = {
			isa = PBXNativeTarget;
			buildConfigurationList = 44CF95A81C33BD850094E122 /* Build configuration list for PBXNativeTarget "PictureScanView" */;
			buildPhases = (
				44CF95771C33BD850094E122 /* Sources */,
				44CF95781C33BD850094E122 /* Frameworks */,
				44CF95791C33BD850094E122 /* Resources */,
			);
			buildRules = (
			);
			dependencies = (
			);
			name = PictureScanView;
			productName = PictureScanView;
			productReference = 44CF957B1C33BD850094E122 /* PictureScanView.app */;
			productType = "com.apple.product-type.application";
		};
		44CF95931C33BD850094E122 /* PictureScanViewTests */ = {
			isa = PBXNativeTarget;
			buildConfigurationList = 44CF95AB1C33BD850094E122 /* Build configuration list for PBXNativeTarget "PictureScanViewTests" */;
			buildPhases = (
				44CF95901C33BD850094E122 /* Sources */,
				44CF95911C33BD850094E122 /* Frameworks */,
				44CF95921C33BD850094E122 /* Resources */,
			);
			buildRules = (
			);
			dependencies = (
				44CF95961C33BD850094E122 /* PBXTargetDependency */,
			);
			name = PictureScanViewTests;
			productName = PictureScanViewTests;
			productReference = 44CF95941C33BD850094E122 /* PictureScanViewTests.xctest */;
			productType = "com.apple.product-type.bundle.unit-test";
		};
		44CF959E1C33BD850094E122 /* PictureScanViewUITests */ = {
			isa = PBXNativeTarget;
			buildConfigurationList = 44CF95AE1C33BD850094E122 /* Build configuration list for PBXNativeTarget "PictureScanViewUITests" */;
			buildPhases = (
				44CF959B1C33BD850094E122 /* Sources */,
				44CF959C1C33BD850094E122 /* Frameworks */,
				44CF959D1C33BD850094E122 /* Resources */,
			);
			buildRules = (
			);
			dependencies = (
				44CF95A11C33BD850094E122 /* PBXTargetDependency */,
			);
			name = PictureScanViewUITests;
			productName = PictureScanViewUITests;
			productReference = 44CF959F1C33BD850094E122 /* PictureScanViewUITests.xctest */;
			productType = "com.apple.product-type.bundle.ui-testing";
		};
/* End PBXNativeTarget section */

/* Begin PBXProject section */
		44CF95731C33BD840094E122 /* Project object */ = {
			isa = PBXProject;
			attributes = {
				LastUpgradeCheck = 0710;
				ORGANIZATIONNAME = xhliang;
				TargetAttributes = {
					44CF957A1C33BD850094E122 = {
						CreatedOnToolsVersion = 7.1;
					};
					44CF95931C33BD850094E122 = {
						CreatedOnToolsVersion = 7.1;
						TestTargetID = 44CF957A1C33BD850094E122;
					};
					44CF959E1C33BD850094E122 = {
						CreatedOnToolsVersion = 7.1;
						TestTargetID = 44CF957A1C33BD850094E122;
					};
				};
			};
			buildConfigurationList = 44CF95761C33BD840094E122 /* Build configuration list for PBXProject "PictureScanView" */;
			compatibilityVersion = "Xcode 3.2";
			developmentRegion = English;
			hasScannedForEncodings = 0;
			knownRegions = (
				en,
				Base,
			);
			mainGroup = 44CF95721C33BD840094E122;
			productRefGroup = 44CF957C1C33BD850094E122 /* Products */;
			projectDirPath = "";
			projectRoot = "";
			targets = (
				44CF957A1C33BD850094E122 /* PictureScanView */,
				44CF95931C33BD850094E122 /* PictureScanViewTests */,
				44CF959E1C33BD850094E122 /* PictureScanViewUITests */,
			);
		};
/* End PBXProject section */

/* Begin PBXResourcesBuildPhase section */
		44CF95791C33BD850094E122 /* Resources */ = {
			isa = PBXResourcesBuildPhase;
			buildActionMask = 2147483647;
			files = (
				4473BB351C3EB3D3000E0B43 /* test0.jpg in Resources */,
				44CF958E1C33BD850094E122 /* LaunchScreen.storyboard in Resources */,
				44CF958B1C33BD850094E122 /* Assets.xcassets in Resources */,
				4473BB361C3EB3D3000E0B43 /* test1.jpg in Resources */,
				44CF95891C33BD850094E122 /* Main.storyboard in Resources */,
			);
			runOnlyForDeploymentPostprocessing = 0;
		};
		44CF95921C33BD850094E122 /* Resources */ = {
			isa = PBXResourcesBuildPhase;
			buildActionMask = 2147483647;
			files = (
			);
			runOnlyForDeploymentPostprocessing = 0;
		};
		44CF959D1C33BD850094E122 /* Resources */ = {
			isa = PBXResourcesBuildPhase;
			buildActionMask = 2147483647;
			files = (
			);
			runOnlyForDeploymentPostprocessing = 0;
		};
/* End PBXResourcesBuildPhase section */

/* Begin PBXSourcesBuildPhase section */
		44CF95771C33BD850094E122 /* Sources */ = {
			isa = PBXSourcesBuildPhase;
			buildActionMask = 2147483647;
			files = (
				4473BB661C3F51D2000E0B43 /* UIImageView+HighlightedWebCache.m in Sources */,
				4473BB641C3F51D2000E0B43 /* UIImage+MultiFormat.m in Sources */,
				4473BB5F1C3F51D2000E0B43 /* SDWebImageDownloaderOperation.m in Sources */,
				44CF95861C33BD850094E122 /* ViewController.m in Sources */,
				4473BB5C1C3F51D2000E0B43 /* SDWebImageCompat.m in Sources */,
				4473BB631C3F51D2000E0B43 /* UIImage+GIF.m in Sources */,
				4473BB611C3F51D2000E0B43 /* SDWebImagePrefetcher.m in Sources */,
				44CF95B61C33D5D40094E122 /* XHPicView.m in Sources */,
				44CF95831C33BD850094E122 /* AppDelegate.m in Sources */,
				4473BB651C3F51D2000E0B43 /* UIImage+WebP.m in Sources */,
				4473BB671C3F51D2000E0B43 /* UIImageView+WebCache.m in Sources */,
				4473BB5E1C3F51D2000E0B43 /* SDWebImageDownloader.m in Sources */,
				4473BB681C3F51D2000E0B43 /* UIView+WebCacheOperation.m in Sources */,
				4473BB621C3F51D2000E0B43 /* UIButton+WebCache.m in Sources */,
				4473BB591C3F51D2000E0B43 /* MKAnnotationView+WebCache.m in Sources */,
				4473BB5A1C3F51D2000E0B43 /* NSData+ImageContentType.m in Sources */,
				44CF95801C33BD850094E122 /* main.m in Sources */,
				4473BB601C3F51D2000E0B43 /* SDWebImageManager.m in Sources */,
				4473BB5D1C3F51D2000E0B43 /* SDWebImageDecoder.m in Sources */,
				4473BB5B1C3F51D2000E0B43 /* SDImageCache.m in Sources */,
			);
			runOnlyForDeploymentPostprocessing = 0;
		};
		44CF95901C33BD850094E122 /* Sources */ = {
			isa = PBXSourcesBuildPhase;
			buildActionMask = 2147483647;
			files = (
				44CF95991C33BD850094E122 /* PictureScanViewTests.m in Sources */,
			);
			runOnlyForDeploymentPostprocessing = 0;
		};
		44CF959B1C33BD850094E122 /* Sources */ = {
			isa = PBXSourcesBuildPhase;
			buildActionMask = 2147483647;
			files = (
				44CF95A41C33BD850094E122 /* PictureScanViewUITests.m in Sources */,
			);
			runOnlyForDeploymentPostprocessing = 0;
		};
/* End PBXSourcesBuildPhase section */

/* Begin PBXTargetDependency section */
		44CF95961C33BD850094E122 /* PBXTargetDependency */ = {
			isa = PBXTargetDependency;
			target = 44CF957A1C33BD850094E122 /* PictureScanView */;
			targetProxy = 44CF95951C33BD850094E122 /* PBXContainerItemProxy */;
		};
		44CF95A11C33BD850094E122 /* PBXTargetDependency */ = {
			isa = PBXTargetDependency;
			target = 44CF957A1C33BD850094E122 /* PictureScanView */;
			targetProxy = 44CF95A01C33BD850094E122 /* PBXContainerItemProxy */;
		};
/* End PBXTargetDependency section */

/* Begin PBXVariantGroup section */
		44CF95871C33BD850094E122 /* Main.storyboard */ = {
			isa = PBXVariantGroup;
			children = (
				44CF95881C33BD850094E122 /* Base */,
			);
			name = Main.storyboard;
			sourceTree = "<group>";
		};
		44CF958C1C33BD850094E122 /* LaunchScreen.storyboard */ = {
			isa = PBXVariantGroup;
			children = (
				44CF958D1C33BD850094E122 /* Base */,
			);
			name = LaunchScreen.storyboard;
			sourceTree = "<group>";
		};
/* End PBXVariantGroup section */

/* Begin XCBuildConfiguration section */
		44CF95A61C33BD850094E122 /* Debug */ = {
			isa = XCBuildConfiguration;
			buildSettings = {
				ALWAYS_SEARCH_USER_PATHS = NO;
				CLANG_CXX_LANGUAGE_STANDARD = "gnu++0x";
				CLANG_CXX_LIBRARY = "libc++";
				CLANG_ENABLE_MODULES = YES;
				CLANG_ENABLE_OBJC_ARC = YES;
				CLANG_WARN_BOOL_CONVERSION = YES;
				CLANG_WARN_CONSTANT_CONVERSION = YES;
				CLANG_WARN_DIRECT_OBJC_ISA_USAGE = YES_ERROR;
				CLANG_WARN_EMPTY_BODY = YES;
				CLANG_WARN_ENUM_CONVERSION = YES;
				CLANG_WARN_INT_CONVERSION = YES;
				CLANG_WARN_OBJC_ROOT_CLASS = YES_ERROR;
				CLANG_WARN_UNREACHABLE_CODE = YES;
				CLANG_WARN__DUPLICATE_METHOD_MATCH = YES;
				"CODE_SIGN_IDENTITY[sdk=iphoneos*]" = "iPhone Developer";
				COPY_PHASE_STRIP = NO;
				DEBUG_INFORMATION_FORMAT = dwarf;
				ENABLE_STRICT_OBJC_MSGSEND = YES;
				ENABLE_TESTABILITY = YES;
				GCC_C_LANGUAGE_STANDARD = gnu99;
				GCC_DYNAMIC_NO_PIC = NO;
				GCC_NO_COMMON_BLOCKS = YES;
				GCC_OPTIMIZATION_LEVEL = 0;
				GCC_PREPROCESSOR_DEFINITIONS = (
					"DEBUG=1",
					"$(inherited)",
				);
				GCC_WARN_64_TO_32_BIT_CONVERSION = YES;
				GCC_WARN_ABOUT_RETURN_TYPE = YES_ERROR;
				GCC_WARN_UNDECLARED_SELECTOR = YES;
				GCC_WARN_UNINITIALIZED_AUTOS = YES_AGGRESSIVE;
				GCC_WARN_UNUSED_FUNCTION = YES;
				GCC_WARN_UNUSED_VARIABLE = YES;
				IPHONEOS_DEPLOYMENT_TARGET = 7.0;
				MTL_ENABLE_DEBUG_INFO = YES;
				ONLY_ACTIVE_ARCH = YES;
				SDKROOT = iphoneos;
				TARGETED_DEVICE_FAMILY = "1,2";
			};
			name = Debug;
		};
		44CF95A71C33BD850094E122 /* Release */ = {
			isa = XCBuildConfiguration;
			buildSettings = {
				ALWAYS_SEARCH_USER_PATHS = NO;
				CLANG_CXX_LANGUAGE_STANDARD = "gnu++0x";
				CLANG_CXX_LIBRARY = "libc++";
				CLANG_ENABLE_MODULES = YES;
				CLANG_ENABLE_OBJC_ARC = YES;
				CLANG_WARN_BOOL_CONVERSION = YES;
				CLANG_WARN_CONSTANT_CONVERSION = YES;
				CLANG_WARN_DIRECT_OBJC_ISA_USAGE = YES_ERROR;
				CLANG_WARN_EMPTY_BODY = YES;
				CLANG_WARN_ENUM_CONVERSION = YES;
				CLANG_WARN_INT_CONVERSION = YES;
				CLANG_WARN_OBJC_ROOT_CLASS = YES_ERROR;
				CLANG_WARN_UNREACHABLE_CODE = YES;
				CLANG_WARN__DUPLICATE_METHOD_MATCH = YES;
				"CODE_SIGN_IDENTITY[sdk=iphoneos*]" = "iPhone Developer";
				COPY_PHASE_STRIP = NO;
				DEBUG_INFORMATION_FORMAT = "dwarf-with-dsym";
				ENABLE_NS_ASSERTIONS = NO;
				ENABLE_STRICT_OBJC_MSGSEND = YES;
				GCC_C_LANGUAGE_STANDARD = gnu99;
				GCC_NO_COMMON_BLOCKS = YES;
				GCC_WARN_64_TO_32_BIT_CONVERSION = YES;
				GCC_WARN_ABOUT_RETURN_TYPE = YES_ERROR;
				GCC_WARN_UNDECLARED_SELECTOR = YES;
				GCC_WARN_UNINITIALIZED_AUTOS = YES_AGGRESSIVE;
				GCC_WARN_UNUSED_FUNCTION = YES;
				GCC_WARN_UNUSED_VARIABLE = YES;
				IPHONEOS_DEPLOYMENT_TARGET = 7.0;
				MTL_ENABLE_DEBUG_INFO = NO;
				SDKROOT = iphoneos;
				TARGETED_DEVICE_FAMILY = "1,2";
				VALIDATE_PRODUCT = YES;
			};
			name = Release;
		};
		44CF95A91C33BD850094E122 /* Debug */ = {
			isa = XCBuildConfiguration;
			buildSettings = {
				ASSETCATALOG_COMPILER_APPICON_NAME = AppIcon;
				INFOPLIST_FILE = PictureScanView/Info.plist;
				IPHONEOS_DEPLOYMENT_TARGET = 7.0;
				LD_RUNPATH_SEARCH_PATHS = "$(inherited) @executable_path/Frameworks";
				PRODUCT_BUNDLE_IDENTIFIER = iChronoCloud.PictureScanView;
				PRODUCT_NAME = "$(TARGET_NAME)";
			};
			name = Debug;
		};
		44CF95AA1C33BD850094E122 /* Release */ = {
			isa = XCBuildConfiguration;
			buildSettings = {
				ASSETCATALOG_COMPILER_APPICON_NAME = AppIcon;
				INFOPLIST_FILE = PictureScanView/Info.plist;
				IPHONEOS_DEPLOYMENT_TARGET = 7.0;
				LD_RUNPATH_SEARCH_PATHS = "$(inherited) @executable_path/Frameworks";
				PRODUCT_BUNDLE_IDENTIFIER = iChronoCloud.PictureScanView;
				PRODUCT_NAME = "$(TARGET_NAME)";
			};
			name = Release;
		};
		44CF95AC1C33BD850094E122 /* Debug */ = {
			isa = XCBuildConfiguration;
			buildSettings = {
				BUNDLE_LOADER = "$(TEST_HOST)";
				INFOPLIST_FILE = PictureScanViewTests/Info.plist;
				LD_RUNPATH_SEARCH_PATHS = "$(inherited) @executable_path/Frameworks @loader_path/Frameworks";
				PRODUCT_BUNDLE_IDENTIFIER = iChronoCloud.PictureScanViewTests;
				PRODUCT_NAME = "$(TARGET_NAME)";
				TEST_HOST = "$(BUILT_PRODUCTS_DIR)/PictureScanView.app/PictureScanView";
			};
			name = Debug;
		};
		44CF95AD1C33BD850094E122 /* Release */ = {
			isa = XCBuildConfiguration;
			buildSettings = {
				BUNDLE_LOADER = "$(TEST_HOST)";
				INFOPLIST_FILE = PictureScanViewTests/Info.plist;
				LD_RUNPATH_SEARCH_PATHS = "$(inherited) @executable_path/Frameworks @loader_path/Frameworks";
				PRODUCT_BUNDLE_IDENTIFIER = iChronoCloud.PictureScanViewTests;
				PRODUCT_NAME = "$(TARGET_NAME)";
				TEST_HOST = "$(BUILT_PRODUCTS_DIR)/PictureScanView.app/PictureScanView";
			};
			name = Release;
		};
		44CF95AF1C33BD850094E122 /* Debug */ = {
			isa = XCBuildConfiguration;
			buildSettings = {
				INFOPLIST_FILE = PictureScanViewUITests/Info.plist;
				LD_RUNPATH_SEARCH_PATHS = "$(inherited) @executable_path/Frameworks @loader_path/Frameworks";
				PRODUCT_BUNDLE_IDENTIFIER = iChronoCloud.PictureScanViewUITests;
				PRODUCT_NAME = "$(TARGET_NAME)";
				TEST_TARGET_NAME = PictureScanView;
				USES_XCTRUNNER = YES;
			};
			name = Debug;
		};
		44CF95B01C33BD850094E122 /* Release */ = {
			isa = XCBuildConfiguration;
			buildSettings = {
				INFOPLIST_FILE = PictureScanViewUITests/Info.plist;
				LD_RUNPATH_SEARCH_PATHS = "$(inherited) @executable_path/Frameworks @loader_path/Frameworks";
				PRODUCT_BUNDLE_IDENTIFIER = iChronoCloud.PictureScanViewUITests;
				PRODUCT_NAME = "$(TARGET_NAME)";
				TEST_TARGET_NAME = PictureScanView;
				USES_XCTRUNNER = YES;
			};
			name = Release;
		};
/* End XCBuildConfiguration section */

/* Begin XCConfigurationList section */
		44CF95761C33BD840094E122 /* Build configuration list for PBXProject "PictureScanView" */ = {
			isa = XCConfigurationList;
			buildConfigurations = (
				44CF95A61C33BD850094E122 /* Debug */,
				44CF95A71C33BD850094E122 /* Release */,
			);
			defaultConfigurationIsVisible = 0;
			defaultConfigurationName = Release;
		};
		44CF95A81C33BD850094E122 /* Build configuration list for PBXNativeTarget "PictureScanView" */ = {
			isa = XCConfigurationList;
			buildConfigurations = (
				44CF95A91C33BD850094E122 /* Debug */,
				44CF95AA1C33BD850094E122 /* Release */,
			);
			defaultConfigurationIsVisible = 0;
			defaultConfigurationName = Release;
		};
		44CF95AB1C33BD850094E122 /* Build configuration list for PBXNativeTarget "PictureScanViewTests" */ = {
			isa = XCConfigurationList;
			buildConfigurations = (
				44CF95AC1C33BD850094E122 /* Debug */,
				44CF95AD1C33BD850094E122 /* Release */,
			);
			defaultConfigurationIsVisible = 0;
			defaultConfigurationName = Release;
		};
		44CF95AE1C33BD850094E122 /* Build configuration list for PBXNativeTarget "PictureScanViewUITests" */ = {
			isa = XCConfigurationList;
			buildConfigurations = (
				44CF95AF1C33BD850094E122 /* Debug */,
				44CF95B01C33BD850094E122 /* Release */,
			);
			defaultConfigurationIsVisible = 0;
			defaultConfigurationName = Release;
		};
/* End XCConfigurationList section */
	};
	rootObject = 44CF95731C33BD840094E122 /* Project object */;
}
